
Microsoft Visual Studio Solution File, Format Version 12.00
# Visual Studio Version 17
VisualStudioVersion = 17.4.33213.308
MinimumVisualStudioVersion = 10.0.40219.1
Project("{FAE04EC0-301F-11D3-BF4B-00C04F79EFBC}") = "cryptoSoftEasySave", "cryptoSoftEasySave\cryptoSoftEasySave.csproj", "{BBFA5FE5-78F3-4D7B-977D-792C0B58E412}"
EndProject
Global
	GlobalSection(SolutionConfigurationPlatforms) = preSolution
		Debug|Any CPU = Debug|Any CPU
		Release|Any CPU = Release|Any CPU
	EndGlobalSection
	GlobalSection(ProjectConfigurationPlatforms) = postSolution
		{BBFA5FE5-78F3-4D7B-977D-792C0B58E412}.Debug|Any CPU.ActiveCfg = Debug|Any CPU
		{BBFA5FE5-78F3-4D7B-977D-792C0B58E412}.Debug|Any CPU.Build.0 = Debug|Any CPU
		{BBFA5FE5-78F3-4D7B-977D-792C0B58E412}.Release|Any CPU.ActiveCfg = Release|Any CPU
		{BBFA5FE5-78F3-4D7B-977D-792C0B58E412}.Release|Any CPU.Build.0 = Release|Any CPU
	EndGlobalSection
	GlobalSection(SolutionProperties) = preSolution
		HideSolutionNode = FALSE
	EndGlobalSection
	GlobalSection(ExtensibilityGlobals) = postSolution
		SolutionGuid = {8EC65EB2-E195-4A37-9BF9-8990EDAEBF40}
	EndGlobalSection
EndGlobal
